
Microsoft Visual Studio Solution File, Format Version 12.00
# Visual Studio Version 16
VisualStudioVersion = 16.0.31105.61
MinimumVisualStudioVersion = 10.0.40219.1
Project("{8BC9CEB8-8B4A-11D0-8D11-00A0C91BC942}") = "Homework-GUI", "Homework-GUI\Homework-GUI.vcxproj", "{A0DC3EC9-BDFD-418A-B295-A5888A22EF6E}"
EndProject
Global
	GlobalSection(SolutionConfigurationPlatforms) = preSolution
		Debug|x64 = Debug|x64
		Release|x64 = Release|x64
	EndGlobalSection
	GlobalSection(ProjectConfigurationPlatforms) = postSolution
		{A0DC3EC9-BDFD-418A-B295-A5888A22EF6E}.Debug|x64.ActiveCfg = Debug|x64
		{A0DC3EC9-BDFD-418A-B295-A5888A22EF6E}.Debug|x64.Build.0 = Debug|x64
		{A0DC3EC9-BDFD-418A-B295-A5888A22EF6E}.Release|x64.ActiveCfg = Release|x64
		{A0DC3EC9-BDFD-418A-B295-A5888A22EF6E}.Release|x64.Build.0 = Release|x64
	EndGlobalSection
	GlobalSection(SolutionProperties) = preSolution
		HideSolutionNode = FALSE
	EndGlobalSection
	GlobalSection(ExtensibilityGlobals) = postSolution
		SolutionGuid = {C589FC27-9D11-4A99-ABE2-D980B5314EB5}
	EndGlobalSection
EndGlobal
